<?xml version="1.0" encoding="utf-8"?>
<Project ToolsVersion="4.0" xmlns="http://schemas.microsoft.com/developer/msbuild/2003">
  <ItemGroup>
    <ClCompile Include="ai_aotc.cpp">
      <Filter>Source Files</Filter>
    </ClCompile>
    <ClCompile Include="ai_hybrid.cpp">
      <Filter>Source Files</Filter>
    </ClCompile>
    <ClCompile Include="ai_main.cpp">
      <Filter>Source Files</Filter>
    </ClCompile>
    <ClCompile Include="ai_tab.cpp">
      <Filter>Source Files</Filter>
    </ClCompile>
    <ClCompile Include="ai_util.cpp">
      <Filter>Source Files</Filter>
    </ClCompile>
    <ClCompile Include="ai_wpnav.cpp">
      <Filter>Source Files</Filter>
    </ClCompile>
    <ClCompile Include="AnimalNPC.cpp">
      <Filter>Source Files</Filter>
    </ClCompile>
    <ClCompile Include="aotctc_holocron.cpp">
      <Filter>Source Files</Filter>
    </ClCompile>
    <ClCompile Include="bg_g2_utils.cpp">
      <Filter>Source Files</Filter>
    </ClCompile>
    <ClCompile Include="bg_misc.cpp">
      <Filter>Source Files</Filter>
    </ClCompile>
    <ClCompile Include="bg_panimate.cpp">
      <Filter>Source Files</Filter>
    </ClCompile>
    <ClCompile Include="bg_pmove.cpp">
      <Filter>Source Files</Filter>
    </ClCompile>
    <ClCompile Include="bg_saber.cpp">
      <Filter>Source Files</Filter>
    </ClCompile>
    <ClCompile Include="bg_saberLoad.cpp">
      <Filter>Source Files</Filter>
    </ClCompile>
    <ClCompile Include="bg_saga.cpp">
      <Filter>Source Files</Filter>
    </ClCompile>
    <ClCompile Include="bg_slidemove.cpp">
      <Filter>Source Files</Filter>
    </ClCompile>
    <ClCompile Include="bg_vehicleLoad.cpp">
      <Filter>Source Files</Filter>
    </ClCompile>
    <ClCompile Include="bg_weapons.cpp">
      <Filter>Source Files</Filter>
    </ClCompile>
    <ClCompile Include="sqlite3\Database.cpp">
      <Filter>Source Files</Filter>
    </ClCompile>
    <ClCompile Include="FighterNPC.cpp">
      <Filter>Source Files</Filter>
    </ClCompile>
    <ClCompile Include="g_account.cpp">
      <Filter>Source Files</Filter>
    </ClCompile>
    <ClCompile Include="g_active.cpp">
      <Filter>Source Files</Filter>
    </ClCompile>
    <ClCompile Include="g_admin.cpp">
      <Filter>Source Files</Filter>
    </ClCompile>
    <ClCompile Include="g_arenas.cpp">
      <Filter>Source Files</Filter>
    </ClCompile>
    <ClCompile Include="g_autosave.cpp">
      <Filter>Source Files</Filter>
    </ClCompile>
    <ClCompile Include="g_bot.cpp">
      <Filter>Source Files</Filter>
    </ClCompile>
    <ClCompile Include="g_breakable.cpp">
      <Filter>Source Files</Filter>
    </ClCompile>
    <ClCompile Include="g_camera.cpp">
      <Filter>Source Files</Filter>
    </ClCompile>
    <ClCompile Include="g_client.cpp">
      <Filter>Source Files</Filter>
    </ClCompile>
    <ClCompile Include="g_cmds.cpp">
      <Filter>Source Files</Filter>
    </ClCompile>
    <ClCompile Include="g_combat.cpp">
      <Filter>Source Files</Filter>
    </ClCompile>
    <ClCompile Include="g_crash.cpp">
      <Filter>Source Files</Filter>
    </ClCompile>
    <ClCompile Include="g_cvars.cpp">
      <Filter>Source Files</Filter>
    </ClCompile>
    <ClCompile Include="g_dynmusic.cpp">
      <Filter>Source Files</Filter>
    </ClCompile>
    <ClCompile Include="g_emote.cpp">
      <Filter>Source Files</Filter>
    </ClCompile>
    <ClCompile Include="g_exphysics.cpp">
      <Filter>Source Files</Filter>
    </ClCompile>
    <ClCompile Include="g_ICARUScb.cpp">
      <Filter>Source Files</Filter>
    </ClCompile>
    <ClCompile Include="g_items.cpp">
      <Filter>Source Files</Filter>
    </ClCompile>
    <ClCompile Include="g_log.cpp">
      <Filter>Source Files</Filter>
    </ClCompile>
    <ClCompile Include="g_main.cpp">
      <Filter>Source Files</Filter>
    </ClCompile>
    <ClCompile Include="g_mem.cpp">
      <Filter>Source Files</Filter>
    </ClCompile>
    <ClCompile Include="g_misc.cpp">
      <Filter>Source Files</Filter>
    </ClCompile>
    <ClCompile Include="g_missile.cpp">
      <Filter>Source Files</Filter>
    </ClCompile>
    <ClCompile Include="g_mover.cpp">
      <Filter>Source Files</Filter>
    </ClCompile>
    <ClCompile Include="g_nav.cpp">
      <Filter>Source Files</Filter>
    </ClCompile>
    <ClCompile Include="g_navnew.cpp">
      <Filter>Source Files</Filter>
    </ClCompile>
    <ClCompile Include="g_object.cpp">
      <Filter>Source Files</Filter>
    </ClCompile>
    <ClCompile Include="g_reload.cpp">
      <Filter>Source Files</Filter>
    </ClCompile>
    <ClCompile Include="g_roff.cpp">
      <Filter>Source Files</Filter>
    </ClCompile>
    <ClCompile Include="g_saga.cpp">
      <Filter>Source Files</Filter>
    </ClCompile>
    <ClCompile Include="g_session.cpp">
      <Filter>Source Files</Filter>
    </ClCompile>
    <ClCompile Include="g_spawn.cpp">
      <Filter>Source Files</Filter>
    </ClCompile>
    <ClCompile Include="g_spectator.cpp">
      <Filter>Source Files</Filter>
    </ClCompile>
    <ClCompile Include="g_strap.cpp">
      <Filter>Source Files</Filter>
    </ClCompile>
    <ClCompile Include="g_svcmds.cpp">
      <Filter>Source Files</Filter>
    </ClCompile>
    <ClCompile Include="g_syscalls.cpp">
      <Filter>Source Files</Filter>
    </ClCompile>
    <ClCompile Include="g_target.cpp">
      <Filter>Source Files</Filter>
    </ClCompile>
    <ClCompile Include="g_team.cpp">
      <Filter>Source Files</Filter>
    </ClCompile>
    <ClCompile Include="g_timer.cpp">
      <Filter>Source Files</Filter>
    </ClCompile>
    <ClCompile Include="g_trigger.cpp">
      <Filter>Source Files</Filter>
    </ClCompile>
    <ClCompile Include="g_turret.cpp">
      <Filter>Source Files</Filter>
    </ClCompile>
    <ClCompile Include="g_turret_G2.cpp">
      <Filter>Source Files</Filter>
    </ClCompile>
    <ClCompile Include="g_utils.cpp">
      <Filter>Source Files</Filter>
    </ClCompile>
    <ClCompile Include="g_vehicles.cpp">
      <Filter>Source Files</Filter>
    </ClCompile>
    <ClCompile Include="g_vehicleTurret.cpp">
      <Filter>Source Files</Filter>
    </ClCompile>
    <ClCompile Include="g_weapon.cpp">
      <Filter>Source Files</Filter>
    </ClCompile>
    <ClCompile Include="GT_Duel.cpp">
      <Filter>Source Files</Filter>
    </ClCompile>
    <ClCompile Include="NPC.cpp">
      <Filter>Source Files</Filter>
    </ClCompile>
    <ClCompile Include="NPC_AI_AssassinDroid.cpp">
      <Filter>Source Files</Filter>
    </ClCompile>
    <ClCompile Include="NPC_AI_Atst.cpp">
      <Filter>Source Files</Filter>
    </ClCompile>
    <ClCompile Include="NPC_AI_Civilian.cpp">
      <Filter>Source Files</Filter>
    </ClCompile>
    <ClCompile Include="NPC_AI_Default.cpp">
      <Filter>Source Files</Filter>
    </ClCompile>
    <ClCompile Include="NPC_AI_Droid.cpp">
      <Filter>Source Files</Filter>
    </ClCompile>
    <ClCompile Include="NPC_AI_GalakMech.cpp">
      <Filter>Source Files</Filter>
    </ClCompile>
    <ClCompile Include="NPC_AI_Grenadier.cpp">
      <Filter>Source Files</Filter>
    </ClCompile>
    <ClCompile Include="NPC_AI_Howler.cpp">
      <Filter>Source Files</Filter>
    </ClCompile>
    <ClCompile Include="NPC_AI_ImperialProbe.cpp">
      <Filter>Source Files</Filter>
    </ClCompile>
    <ClCompile Include="NPC_AI_Interrogator.cpp">
      <Filter>Source Files</Filter>
    </ClCompile>
    <ClCompile Include="NPC_AI_Jedi.cpp">
      <Filter>Source Files</Filter>
    </ClCompile>
    <ClCompile Include="NPC_AI_Mark1.cpp">
      <Filter>Source Files</Filter>
    </ClCompile>
    <ClCompile Include="NPC_AI_Mark2.cpp">
      <Filter>Source Files</Filter>
    </ClCompile>
    <ClCompile Include="NPC_AI_MineMonster.cpp">
      <Filter>Source Files</Filter>
    </ClCompile>
    <ClCompile Include="NPC_AI_Rancor.cpp">
      <Filter>Source Files</Filter>
    </ClCompile>
    <ClCompile Include="NPC_AI_Remote.cpp">
      <Filter>Source Files</Filter>
    </ClCompile>
    <ClCompile Include="NPC_AI_RocketTrooper.cpp">
      <Filter>Source Files</Filter>
    </ClCompile>
    <ClCompile Include="NPC_AI_SaberDroid.cpp">
      <Filter>Source Files</Filter>
    </ClCompile>
    <ClCompile Include="NPC_AI_Sand_creature.cpp">
      <Filter>Source Files</Filter>
    </ClCompile>
    <ClCompile Include="NPC_AI_Seeker.cpp">
      <Filter>Source Files</Filter>
    </ClCompile>
    <ClCompile Include="NPC_AI_Sentry.cpp">
      <Filter>Source Files</Filter>
    </ClCompile>
    <ClCompile Include="NPC_AI_Sniper.cpp">
      <Filter>Source Files</Filter>
    </ClCompile>
    <ClCompile Include="NPC_AI_Stormtrooper.cpp">
      <Filter>Source Files</Filter>
    </ClCompile>
    <ClCompile Include="NPC_AI_Utils.cpp">
      <Filter>Source Files</Filter>
    </ClCompile>
    <ClCompile Include="NPC_AI_Wampa.cpp">
      <Filter>Source Files</Filter>
    </ClCompile>
    <ClCompile Include="NPC_behavior.cpp">
      <Filter>Source Files</Filter>
    </ClCompile>
    <ClCompile Include="NPC_combat.cpp">
      <Filter>Source Files</Filter>
    </ClCompile>
    <ClCompile Include="NPC_goal.cpp">
      <Filter>Source Files</Filter>
    </ClCompile>
    <ClCompile Include="NPC_misc.cpp">
      <Filter>Source Files</Filter>
    </ClCompile>
    <ClCompile Include="NPC_move.cpp">
      <Filter>Source Files</Filter>
    </ClCompile>
    <ClCompile Include="NPC_reactions.cpp">
      <Filter>Source Files</Filter>
    </ClCompile>
    <ClCompile Include="NPC_senses.cpp">
      <Filter>Source Files</Filter>
    </ClCompile>
    <ClCompile Include="NPC_sounds.cpp">
      <Filter>Source Files</Filter>
    </ClCompile>
    <ClCompile Include="NPC_spawn.cpp">
      <Filter>Source Files</Filter>
    </ClCompile>
    <ClCompile Include="NPC_stats.cpp">
      <Filter>Source Files</Filter>
    </ClCompile>
    <ClCompile Include="NPC_utils.cpp">
      <Filter>Source Files</Filter>
    </ClCompile>
    <ClCompile Include="NPC_Vehicle.cpp">
      <Filter>Source Files</Filter>
    </ClCompile>
    <ClCompile Include="q_math.cpp">
      <Filter>Source Files</Filter>
    </ClCompile>
    <ClCompile Include="q_shared.cpp">
      <Filter>Source Files</Filter>
    </ClCompile>
    <ClCompile Include="sqlite3\Query.cpp">
      <Filter>Source Files</Filter>
    </ClCompile>
    <ClCompile Include="SpeederNPC.cpp">
      <Filter>Source Files</Filter>
    </ClCompile>
    <ClCompile Include="sqlite3\sqlite3.c">
      <Filter>Source Files</Filter>
    </ClCompile>
    <ClCompile Include="sqlite3\StderrLog.cpp">
      <Filter>Source Files</Filter>
    </ClCompile>
    <ClCompile Include="sqlite3\SysLog.cpp">
      <Filter>Source Files</Filter>
    </ClCompile>
    <ClCompile Include="tri_coll_test.cpp">
      <Filter>Source Files</Filter>
    </ClCompile>
    <ClCompile Include="WalkerNPC.cpp">
      <Filter>Source Files</Filter>
    </ClCompile>
    <ClCompile Include="w_saber.cpp">
      <Filter>Source Files</Filter>
    </ClCompile>
    <ClCompile Include="WP_TuskenRifle.cpp">
      <Filter>Source Files</Filter>
    </ClCompile>
    <ClCompile Include="WP_Blaster.cpp">
      <Filter>Source Files</Filter>
    </ClCompile>
    <ClCompile Include="WP_Bowcaster.cpp">
      <Filter>Source Files</Filter>
    </ClCompile>
    <ClCompile Include="WP_BryarPistol.cpp">
      <Filter>Source Files</Filter>
    </ClCompile>
    <ClCompile Include="WP_Concussion.cpp">
      <Filter>Source Files</Filter>
    </ClCompile>
    <ClCompile Include="WP_Demp2.cpp">
      <Filter>Source Files</Filter>
    </ClCompile>
    <ClCompile Include="WP_Detpack.cpp">
      <Filter>Source Files</Filter>
    </ClCompile>
    <ClCompile Include="WP_Disruptor.cpp">
      <Filter>Source Files</Filter>
    </ClCompile>
    <ClCompile Include="WP_Emplaced.cpp">
      <Filter>Source Files</Filter>
    </ClCompile>
    <ClCompile Include="WP_Melee.cpp">
      <Filter>Source Files</Filter>
    </ClCompile>
    <ClCompile Include="WP_Repeater.cpp">
      <Filter>Source Files</Filter>
    </ClCompile>
    <ClCompile Include="WP_Rocket_Launcher.cpp">
      <Filter>Source Files</Filter>
    </ClCompile>
    <ClCompile Include="WP_T21.cpp">
      <Filter>Source Files</Filter>
    </ClCompile>
    <ClCompile Include="WP_Thermal.cpp">
      <Filter>Source Files</Filter>
    </ClCompile>
    <ClCompile Include="WP_Trip_Mine.cpp">
      <Filter>Source Files</Filter>
    </ClCompile>
    <ClCompile Include="w_force.cpp">
      <Filter>Source Files</Filter>
    </ClCompile>
    <ClCompile Include="FP_Absorb.cpp">
      <Filter>Source Files</Filter>
    </ClCompile>
    <ClCompile Include="FP_Drain.cpp">
      <Filter>Source Files</Filter>
    </ClCompile>
    <ClCompile Include="FP_Force_Lift.cpp">
      <Filter>Source Files</Filter>
    </ClCompile>
    <ClCompile Include="FP_Grip.cpp">
      <Filter>Source Files</Filter>
    </ClCompile>
    <ClCompile Include="FP_Heal.cpp">
      <Filter>Source Files</Filter>
    </ClCompile>
    <ClCompile Include="FP_Jump.cpp">
      <Filter>Source Files</Filter>
    </ClCompile>
    <ClCompile Include="FP_Lightning.cpp">
      <Filter>Source Files</Filter>
    </ClCompile>
    <ClCompile Include="FP_Manipulate.cpp">
      <Filter>Source Files</Filter>
    </ClCompile>
    <ClCompile Include="FP_Mindtrick.cpp">
      <Filter>Source Files</Filter>
    </ClCompile>
    <ClCompile Include="FP_PushPull.cpp">
      <Filter>Source Files</Filter>
    </ClCompile>
    <ClCompile Include="FP_Rage.cpp">
      <Filter>Source Files</Filter>
    </ClCompile>
    <ClCompile Include="FP_Sense.cpp">
      <Filter>Source Files</Filter>
    </ClCompile>
    <ClCompile Include="FP_Speed.cpp">
      <Filter>Source Files</Filter>
    </ClCompile>
    <ClCompile Include="FP_Team_Heal.cpp">
      <Filter>Source Files</Filter>
    </ClCompile>
    <ClCompile Include="g_character.cpp">
      <Filter>Source Files</Filter>
    </ClCompile>
    <ClCompile Include="g_saberbeh.cpp">
      <Filter>Source Files</Filter>
    </ClCompile>
    <ClCompile Include="g_mail.cpp">
      <Filter>Source Files</Filter>
    </ClCompile>
    <ClCompile Include="g_engine.cpp">
      <Filter>Source Files</Filter>
    </ClCompile>
    <ClCompile Include="q_engine.cpp">
      <Filter>Source Files</Filter>
    </ClCompile>
  </ItemGroup>
  <ItemGroup>
    <ClInclude Include="ai.h">
      <Filter>Header Files</Filter>
    </ClInclude>
    <ClInclude Include="ai_main.h">
      <Filter>Header Files</Filter>
    </ClInclude>
    <ClInclude Include="anims.h">
      <Filter>Header Files</Filter>
    </ClInclude>
    <ClInclude Include="..\cgame\animtable.h">
      <Filter>Header Files</Filter>
    </ClInclude>
    <ClInclude Include="b_local.h">
      <Filter>Header Files</Filter>
    </ClInclude>
    <ClInclude Include="b_public.h">
      <Filter>Header Files</Filter>
    </ClInclude>
    <ClInclude Include="be_aas.h">
      <Filter>Header Files</Filter>
    </ClInclude>
    <ClInclude Include="be_ai_char.h">
      <Filter>Header Files</Filter>
    </ClInclude>
    <ClInclude Include="be_ai_chat.h">
      <Filter>Header Files</Filter>
    </ClInclude>
    <ClInclude Include="be_ai_gen.h">
      <Filter>Header Files</Filter>
    </ClInclude>
    <ClInclude Include="be_ai_goal.h">
      <Filter>Header Files</Filter>
    </ClInclude>
    <ClInclude Include="be_ai_move.h">
      <Filter>Header Files</Filter>
    </ClInclude>
    <ClInclude Include="be_ai_weap.h">
      <Filter>Header Files</Filter>
    </ClInclude>
    <ClInclude Include="be_ea.h">
      <Filter>Header Files</Filter>
    </ClInclude>
    <ClInclude Include="bg_lib.h">
      <Filter>Header Files</Filter>
    </ClInclude>
    <ClInclude Include="bg_local.h">
      <Filter>Header Files</Filter>
    </ClInclude>
    <ClInclude Include="bg_saga.h">
      <Filter>Header Files</Filter>
    </ClInclude>
    <ClInclude Include="bg_public.h">
      <Filter>Header Files</Filter>
    </ClInclude>
    <ClInclude Include="bg_strap.h">
      <Filter>Header Files</Filter>
    </ClInclude>
    <ClInclude Include="bg_vehicles.h">
      <Filter>Header Files</Filter>
    </ClInclude>
    <ClInclude Include="bg_weapons.h">
      <Filter>Header Files</Filter>
    </ClInclude>
    <ClInclude Include="botlib.h">
      <Filter>Header Files</Filter>
    </ClInclude>
    <ClInclude Include="..\cgame\cg_local.h">
      <Filter>Header Files</Filter>
    </ClInclude>
    <ClInclude Include="..\cgame\cg_public.h">
      <Filter>Header Files</Filter>
    </ClInclude>
    <ClInclude Include="chars.h">
      <Filter>Header Files</Filter>
    </ClInclude>
    <ClInclude Include="..\qcommon\disablewarnings.h">
      <Filter>Header Files</Filter>
    </ClInclude>
    <ClInclude Include="..\ghoul2\G2.h">
      <Filter>Header Files</Filter>
    </ClInclude>
    <ClInclude Include="g_account.h">
      <Filter>Header Files</Filter>
    </ClInclude>
    <ClInclude Include="g_admin.h">
      <Filter>Header Files</Filter>
    </ClInclude>
    <ClInclude Include="g_camera.h">
      <Filter>Header Files</Filter>
    </ClInclude>
    <ClInclude Include="g_cvars.h">
      <Filter>Header Files</Filter>
    </ClInclude>
    <ClInclude Include="g_emote.h">
      <Filter>Header Files</Filter>
    </ClInclude>
    <ClInclude Include="g_ICARUScb.h">
      <Filter>Header Files</Filter>
    </ClInclude>
    <ClInclude Include="g_local.h">
      <Filter>Header Files</Filter>
    </ClInclude>
    <ClInclude Include="g_nav.h">
      <Filter>Header Files</Filter>
    </ClInclude>
    <ClInclude Include="g_public.h">
      <Filter>Header Files</Filter>
    </ClInclude>
    <ClInclude Include="g_roff.h">
      <Filter>Header Files</Filter>
    </ClInclude>
    <ClInclude Include="g_team.h">
      <Filter>Header Files</Filter>
    </ClInclude>
    <ClInclude Include="g_weapons.h">
      <Filter>Header Files</Filter>
    </ClInclude>
    <ClInclude Include="..\icarus\interpreter.h">
      <Filter>Header Files</Filter>
    </ClInclude>
    <ClInclude Include="inv.h">
      <Filter>Header Files</Filter>
    </ClInclude>
    <ClInclude Include="sqlite3\libsqlitewrapped.h">
      <Filter>Header Files</Filter>
    </ClInclude>
    <ClInclude Include="match.h">
      <Filter>Header Files</Filter>
    </ClInclude>
    <ClInclude Include="..\..\jke\ui\jamp\menudef.h">
      <Filter>Header Files</Filter>
    </ClInclude>
    <ClInclude Include="..\icarus\Q3_Interface.h">
      <Filter>Header Files</Filter>
    </ClInclude>
    <ClInclude Include="npc_headers.h">
      <Filter>Header Files</Filter>
    </ClInclude>
    <ClInclude Include="q_shared.h">
      <Filter>Header Files</Filter>
    </ClInclude>
    <ClInclude Include="say.h">
      <Filter>Header Files</Filter>
    </ClInclude>
    <ClInclude Include="sqlite3\sqlite3.h">
      <Filter>Header Files</Filter>
    </ClInclude>
    <ClInclude Include="sqlite3\sqlite3ext.h">
      <Filter>Header Files</Filter>
    </ClInclude>
    <ClInclude Include="surfaceflags.h">
      <Filter>Header Files</Filter>
    </ClInclude>
    <ClInclude Include="syn.h">
      <Filter>Header Files</Filter>
    </ClInclude>
    <ClInclude Include="..\qcommon\tags.h">
      <Filter>Header Files</Filter>
    </ClInclude>
    <ClInclude Include="teams.h">
      <Filter>Header Files</Filter>
    </ClInclude>
    <ClInclude Include="..\cgame\tr_types.h">
      <Filter>Header Files</Filter>
    </ClInclude>
    <ClInclude Include="w_force.h">
      <Filter>Header Files</Filter>
    </ClInclude>
    <ClInclude Include="w_saber.h">
      <Filter>Header Files</Filter>
    </ClInclude>
    <ClInclude Include="g_dynmusic.h">
      <Filter>Header Files</Filter>
    </ClInclude>
    <ClInclude Include="g_character.h">
      <Filter>Header Files</Filter>
    </ClInclude>
    <ClInclude Include="g_saberbeh.h">
      <Filter>Header Files</Filter>
    </ClInclude>
    <ClInclude Include="g_mail.h">
      <Filter>Header Files</Filter>
    </ClInclude>
    <ClInclude Include="g_OpenRP.h">
      <Filter>Header Files</Filter>
    </ClInclude>
    <ClInclude Include="g_engine.h">
      <Filter>Header Files</Filter>
    </ClInclude>
    <ClInclude Include="g_xcvar.h">
      <Filter>Header Files</Filter>
    </ClInclude>
    <ClInclude Include="q_engine.h">
      <Filter>Header Files</Filter>
    </ClInclude>
  </ItemGroup>
  <ItemGroup>
    <Filter Include="Header Files">
      <UniqueIdentifier>{e0c035ec-5ef4-45da-857f-a76b48a6216d}</UniqueIdentifier>
    </Filter>
    <Filter Include="Source Files">
      <UniqueIdentifier>{4ef0f647-bf2f-4443-bdf0-dc7b8d70bc33}</UniqueIdentifier>
    </Filter>
  </ItemGroup>
  <ItemGroup>
    <None Include="game.def">
      <Filter>Header Files</Filter>
    </None>
  </ItemGroup>
</Project>